// !$*UTF8*$!
{
	archiveVersion = 1;
	classes = {
	};
	objectVersion = 50;
	objects = {

/* Begin PBXBuildFile section */
		CC45A7B626C4BC9700FA834E /* LandmarksApp.swift in Sources */ = {isa = PBXBuildFile; fileRef = CC45A7B526C4BC9700FA834E /* LandmarksApp.swift */; };
		CC45A7B826C4BC9700FA834E /* ContentView.swift in Sources */ = {isa = PBXBuildFile; fileRef = CC45A7B726C4BC9700FA834E /* ContentView.swift */; };
		CC45A7BA26C4BC9900FA834E /* Assets.xcassets in Resources */ = {isa = PBXBuildFile; fileRef = CC45A7B926C4BC9900FA834E /* Assets.xcassets */; };
		CC45A7BD26C4BC9900FA834E /* Preview Assets.xcassets in Resources */ = {isa = PBXBuildFile; fileRef = CC45A7BC26C4BC9900FA834E /* Preview Assets.xcassets */; };
		CC45A7C526C4CA5B00FA834E /* CircleImage.swift in Sources */ = {isa = PBXBuildFile; fileRef = CC45A7C426C4CA5B00FA834E /* CircleImage.swift */; };
		CC45A7C726C4D15700FA834E /* MapView.swift in Sources */ = {isa = PBXBuildFile; fileRef = CC45A7C626C4D15700FA834E /* MapView.swift */; };
		CC45A7C926C4D75400FA834E /* landmarkData.json in Resources */ = {isa = PBXBuildFile; fileRef = CC45A7C826C4D75400FA834E /* landmarkData.json */; };
		CC45A7CB26C4D76B00FA834E /* Landmark.swift in Sources */ = {isa = PBXBuildFile; fileRef = CC45A7CA26C4D76B00FA834E /* Landmark.swift */; };
		CC45A7CD26C4E0BE00FA834E /* ModelData.swift in Sources */ = {isa = PBXBuildFile; fileRef = CC45A7CC26C4E0BE00FA834E /* ModelData.swift */; };
		CC45A7D226C4E31E00FA834E /* LandmarkRow.swift in Sources */ = {isa = PBXBuildFile; fileRef = CC45A7D126C4E31E00FA834E /* LandmarkRow.swift */; };
		CC45A7D426C4E53900FA834E /* LandmarkList.swift in Sources */ = {isa = PBXBuildFile; fileRef = CC45A7D326C4E53900FA834E /* LandmarkList.swift */; };
		CC45A7D626C4E6F200FA834E /* LandmarkDetail.swift in Sources */ = {isa = PBXBuildFile; fileRef = CC45A7D526C4E6F200FA834E /* LandmarkDetail.swift */; };
		CCB9767326C8C88E0047DD54 /* FavoriteButton.swift in Sources */ = {isa = PBXBuildFile; fileRef = CCB9767226C8C88E0047DD54 /* FavoriteButton.swift */; };
/* End PBXBuildFile section */

/* Begin PBXFileReference section */
		CC45A7B226C4BC9700FA834E /* Landmarks.app */ = {isa = PBXFileReference; explicitFileType = wrapper.application; includeInIndex = 0; path = Landmarks.app; sourceTree = BUILT_PRODUCTS_DIR; };
		CC45A7B526C4BC9700FA834E /* LandmarksApp.swift */ = {isa = PBXFileReference; lastKnownFileType = sourcecode.swift; path = LandmarksApp.swift; sourceTree = "<group>"; };
		CC45A7B726C4BC9700FA834E /* ContentView.swift */ = {isa = PBXFileReference; lastKnownFileType = sourcecode.swift; path = ContentView.swift; sourceTree = "<group>"; };
		CC45A7B926C4BC9900FA834E /* Assets.xcassets */ = {isa = PBXFileReference; lastKnownFileType = folder.assetcatalog; path = Assets.xcassets; sourceTree = "<group>"; };
		CC45A7BC26C4BC9900FA834E /* Preview Assets.xcassets */ = {isa = PBXFileReference; lastKnownFileType = folder.assetcatalog; path = "Preview Assets.xcassets"; sourceTree = "<group>"; };
		CC45A7BE26C4BC9900FA834E /* Info.plist */ = {isa = PBXFileReference; lastKnownFileType = text.plist.xml; path = Info.plist; sourceTree = "<group>"; };
		CC45A7C426C4CA5B00FA834E /* CircleImage.swift */ = {isa = PBXFileReference; lastKnownFileType = sourcecode.swift; path = CircleImage.swift; sourceTree = "<group>"; };
		CC45A7C626C4D15700FA834E /* MapView.swift */ = {isa = PBXFileReference; lastKnownFileType = sourcecode.swift; path = MapView.swift; sourceTree = "<group>"; };
		CC45A7C826C4D75400FA834E /* landmarkData.json */ = {isa = PBXFileReference; fileEncoding = 4; lastKnownFileType = text.json; path = landmarkData.json; sourceTree = "<group>"; };
		CC45A7CA26C4D76B00FA834E /* Landmark.swift */ = {isa = PBXFileReference; lastKnownFileType = sourcecode.swift; path = Landmark.swift; sourceTree = "<group>"; };
		CC45A7CC26C4E0BE00FA834E /* ModelData.swift */ = {isa = PBXFileReference; lastKnownFileType = sourcecode.swift; path = ModelData.swift; sourceTree = "<group>"; };
		CC45A7D126C4E31E00FA834E /* LandmarkRow.swift */ = {isa = PBXFileReference; lastKnownFileType = sourcecode.swift; path = LandmarkRow.swift; sourceTree = "<group>"; };
		CC45A7D326C4E53900FA834E /* LandmarkList.swift */ = {isa = PBXFileReference; lastKnownFileType = sourcecode.swift; path = LandmarkList.swift; sourceTree = "<group>"; };
		CC45A7D526C4E6F200FA834E /* LandmarkDetail.swift */ = {isa = PBXFileReference; lastKnownFileType = sourcecode.swift; path = LandmarkDetail.swift; sourceTree = "<group>"; };
		CCB9767226C8C88E0047DD54 /* FavoriteButton.swift */ = {isa = PBXFileReference; lastKnownFileType = sourcecode.swift; path = FavoriteButton.swift; sourceTree = "<group>"; };
/* End PBXFileReference section */

/* Begin PBXFrameworksBuildPhase section */
		CC45A7AF26C4BC9700FA834E /* Frameworks */ = {
			isa = PBXFrameworksBuildPhase;
			buildActionMask = 2147483647;
			files = (
			);
			runOnlyForDeploymentPostprocessing = 0;
		};
/* End PBXFrameworksBuildPhase section */

/* Begin PBXGroup section */
		CC45A7A926C4BC9700FA834E = {
			isa = PBXGroup;
			children = (
				CC45A7B426C4BC9700FA834E /* Landmarks */,
				CC45A7B326C4BC9700FA834E /* Products */,
			);
			sourceTree = "<group>";
		};
		CC45A7B326C4BC9700FA834E /* Products */ = {
			isa = PBXGroup;
			children = (
				CC45A7B226C4BC9700FA834E /* Landmarks.app */,
			);
			name = Products;
			sourceTree = "<group>";
		};
		CC45A7B426C4BC9700FA834E /* Landmarks */ = {
			isa = PBXGroup;
			children = (
				CC45A7B526C4BC9700FA834E /* LandmarksApp.swift */,
				CC45A7CE26C4E27300FA834E /* Views */,
				CC45A7CF26C4E29E00FA834E /* Modal */,
				CC45A7D026C4E2AD00FA834E /* Resources */,
				CC45A7B926C4BC9900FA834E /* Assets.xcassets */,
				CC45A7BE26C4BC9900FA834E /* Info.plist */,
				CC45A7BB26C4BC9900FA834E /* Preview Content */,
			);
			path = Landmarks;
			sourceTree = "<group>";
		};
		CC45A7BB26C4BC9900FA834E /* Preview Content */ = {
			isa = PBXGroup;
			children = (
				CC45A7BC26C4BC9900FA834E /* Preview Assets.xcassets */,
			);
			path = "Preview Content";
			sourceTree = "<group>";
		};
		CC45A7CE26C4E27300FA834E /* Views */ = {
			isa = PBXGroup;
			children = (
				CC45A7B726C4BC9700FA834E /* ContentView.swift */,
				CCB9767526C8C9510047DD54 /* Helpers */,
				CCB9767426C8C9450047DD54 /* Landmarks */,
			);
			path = Views;
			sourceTree = "<group>";
		};
		CC45A7CF26C4E29E00FA834E /* Modal */ = {
			isa = PBXGroup;
			children = (
				CC45A7CA26C4D76B00FA834E /* Landmark.swift */,
				CC45A7CC26C4E0BE00FA834E /* ModelData.swift */,
			);
			path = Modal;
			sourceTree = "<group>";
		};
		CC45A7D026C4E2AD00FA834E /* Resources */ = {
			isa = PBXGroup;
			children = (
				CC45A7C826C4D75400FA834E /* landmarkData.json */,
			);
			path = Resources;
			sourceTree = "<group>";
		};
		CCB9767426C8C9450047DD54 /* Landmarks */ = {
			isa = PBXGroup;
			children = (
				CC45A7D126C4E31E00FA834E /* LandmarkRow.swift */,
				CC45A7D326C4E53900FA834E /* LandmarkList.swift */,
				CC45A7D526C4E6F200FA834E /* LandmarkDetail.swift */,
			);
			path = Landmarks;
			sourceTree = "<group>";
		};
		CCB9767526C8C9510047DD54 /* Helpers */ = {
			isa = PBXGroup;
			children = (
				CC45A7C626C4D15700FA834E /* MapView.swift */,
				CC45A7C426C4CA5B00FA834E /* CircleImage.swift */,
				CCB9767226C8C88E0047DD54 /* FavoriteButton.swift */,
			);
			path = Helpers;
			sourceTree = "<group>";
		};
/* End PBXGroup section */

/* Begin PBXNativeTarget section */
		CC45A7B126C4BC9700FA834E /* Landmarks */ = {
			isa = PBXNativeTarget;
			buildConfigurationList = CC45A7C126C4BC9900FA834E /* Build configuration list for PBXNativeTarget "Landmarks" */;
			buildPhases = (
				CC45A7AE26C4BC9700FA834E /* Sources */,
				CC45A7AF26C4BC9700FA834E /* Frameworks */,
				CC45A7B026C4BC9700FA834E /* Resources */,
			);
			buildRules = (
			);
			dependencies = (
			);
			name = Landmarks;
			productName = Landmarks;
			productReference = CC45A7B226C4BC9700FA834E /* Landmarks.app */;
			productType = "com.apple.product-type.application";
		};
/* End PBXNativeTarget section */

/* Begin PBXProject section */
		CC45A7AA26C4BC9700FA834E /* Project object */ = {
			isa = PBXProject;
			attributes = {
				LastSwiftUpdateCheck = 1250;
				LastUpgradeCheck = 1250;
				TargetAttributes = {
					CC45A7B126C4BC9700FA834E = {
						CreatedOnToolsVersion = 12.5.1;
					};
				};
			};
			buildConfigurationList = CC45A7AD26C4BC9700FA834E /* Build configuration list for PBXProject "Landmarks" */;
			compatibilityVersion = "Xcode 9.3";
			developmentRegion = en;
			hasScannedForEncodings = 0;
			knownRegions = (
				en,
				Base,
			);
			mainGroup = CC45A7A926C4BC9700FA834E;
			productRefGroup = CC45A7B326C4BC9700FA834E /* Products */;
			projectDirPath = "";
			projectRoot = "";
			targets = (
				CC45A7B126C4BC9700FA834E /* Landmarks */,
			);
		};
/* End PBXProject section */

/* Begin PBXResourcesBuildPhase section */
		CC45A7B026C4BC9700FA834E /* Resources */ = {
			isa = PBXResourcesBuildPhase;
			buildActionMask = 2147483647;
			files = (
				CC45A7BD26C4BC9900FA834E /* Preview Assets.xcassets in Resources */,
				CC45A7BA26C4BC9900FA834E /* Assets.xcassets in Resources */,
				CC45A7C926C4D75400FA834E /* landmarkData.json in Resources */,
			);
			runOnlyForDeploymentPostprocessing = 0;
		};
/* End PBXResourcesBuildPhase section */

/* Begin PBXSourcesBuildPhase section */
		CC45A7AE26C4BC9700FA834E /* Sources */ = {
			isa = PBXSourcesBuildPhase;
			buildActionMask = 2147483647;
			files = (
				CC45A7B826C4BC9700FA834E /* ContentView.swift in Sources */,
				CC45A7C726C4D15700FA834E /* MapView.swift in Sources */,
				CC45A7B626C4BC9700FA834E /* LandmarksApp.swift in Sources */,
				CCB9767326C8C88E0047DD54 /* FavoriteButton.swift in Sources */,
				CC45A7D426C4E53900FA834E /* LandmarkList.swift in Sources */,
				CC45A7D626C4E6F200FA834E /* LandmarkDetail.swift in Sources */,
				CC45A7C526C4CA5B00FA834E /* CircleImage.swift in Sources */,
				CC45A7CB26C4D76B00FA834E /* Landmark.swift in Sources */,
				CC45A7D226C4E31E00FA834E /* LandmarkRow.swift in Sources */,
				CC45A7CD26C4E0BE00FA834E /* ModelData.swift in Sources */,
			);
			runOnlyForDeploymentPostprocessing = 0;
		};
/* End PBXSourcesBuildPhase section */

/* Begin XCBuildConfiguration section */
		CC45A7BF26C4BC9900FA834E /* Debug */ = {
			isa = XCBuildConfiguration;
			buildSettings = {
				ALWAYS_SEARCH_USER_PATHS = NO;
				CLANG_ANALYZER_NONNULL = YES;
				CLANG_ANALYZER_NUMBER_OBJECT_CONVERSION = YES_AGGRESSIVE;
				CLANG_CXX_LANGUAGE_STANDARD = "gnu++14";
				CLANG_CXX_LIBRARY = "libc++";
				CLANG_ENABLE_MODULES = YES;
				CLANG_ENABLE_OBJC_ARC = YES;
				CLANG_ENABLE_OBJC_WEAK = YES;
				CLANG_WARN_BLOCK_CAPTURE_AUTORELEASING = YES;
				CLANG_WARN_BOOL_CONVERSION = YES;
				CLANG_WARN_COMMA = YES;
				CLANG_WARN_CONSTANT_CONVERSION = YES;
				CLANG_WARN_DEPRECATED_OBJC_IMPLEMENTATIONS = YES;
				CLANG_WARN_DIRECT_OBJC_ISA_USAGE = YES_ERROR;
				CLANG_WARN_DOCUMENTATION_COMMENTS = YES;
				CLANG_WARN_EMPTY_BODY = YES;
				CLANG_WARN_ENUM_CONVERSION = YES;
				CLANG_WARN_INFINITE_RECURSION = YES;
				CLANG_WARN_INT_CONVERSION = YES;
				CLANG_WARN_NON_LITERAL_NULL_CONVERSION = YES;
				CLANG_WARN_OBJC_IMPLICIT_RETAIN_SELF = YES;
				CLANG_WARN_OBJC_LITERAL_CONVERSION = YES;
				CLANG_WARN_OBJC_ROOT_CLASS = YES_ERROR;
				CLANG_WARN_QUOTED_INCLUDE_IN_FRAMEWORK_HEADER = YES;
				CLANG_WARN_RANGE_LOOP_ANALYSIS = YES;
				CLANG_WARN_STRICT_PROTOTYPES = YES;
				CLANG_WARN_SUSPICIOUS_MOVE = YES;
				CLANG_WARN_UNGUARDED_AVAILABILITY = YES_AGGRESSIVE;
				CLANG_WARN_UNREACHABLE_CODE = YES;
				CLANG_WARN__DUPLICATE_METHOD_MATCH = YES;
				COPY_PHASE_STRIP = NO;
				DEBUG_INFORMATION_FORMAT = dwarf;
				ENABLE_STRICT_OBJC_MSGSEND = YES;
				ENABLE_TESTABILITY = YES;
				GCC_C_LANGUAGE_STANDARD = gnu11;
				GCC_DYNAMIC_NO_PIC = NO;
				GCC_NO_COMMON_BLOCKS = YES;
				GCC_OPTIMIZATION_LEVEL = 0;
				GCC_PREPROCESSOR_DEFINITIONS = (
					"DEBUG=1",
					"$(inherited)",
				);
				GCC_WARN_64_TO_32_BIT_CONVERSION = YES;
				GCC_WARN_ABOUT_RETURN_TYPE = YES_ERROR;
				GCC_WARN_UNDECLARED_SELECTOR = YES;
				GCC_WARN_UNINITIALIZED_AUTOS = YES_AGGRESSIVE;
				GCC_WARN_UNUSED_FUNCTION = YES;
				GCC_WARN_UNUSED_VARIABLE = YES;
				IPHONEOS_DEPLOYMENT_TARGET = 14.5;
				MTL_ENABLE_DEBUG_INFO = INCLUDE_SOURCE;
				MTL_FAST_MATH = YES;
				ONLY_ACTIVE_ARCH = YES;
				SDKROOT = iphoneos;
				SWIFT_ACTIVE_COMPILATION_CONDITIONS = DEBUG;
				SWIFT_OPTIMIZATION_LEVEL = "-Onone";
			};
			name = Debug;
		};
		CC45A7C026C4BC9900FA834E /* Release */ = {
			isa = XCBuildConfiguration;
			buildSettings = {
				ALWAYS_SEARCH_USER_PATHS = NO;
				CLANG_ANALYZER_NONNULL = YES;
				CLANG_ANALYZER_NUMBER_OBJECT_CONVERSION = YES_AGGRESSIVE;
				CLANG_CXX_LANGUAGE_STANDARD = "gnu++14";
				CLANG_CXX_LIBRARY = "libc++";
				CLANG_ENABLE_MODULES = YES;
				CLANG_ENABLE_OBJC_ARC = YES;
				CLANG_ENABLE_OBJC_WEAK = YES;
				CLANG_WARN_BLOCK_CAPTURE_AUTORELEASING = YES;
				CLANG_WARN_BOOL_CONVERSION = YES;
				CLANG_WARN_COMMA = YES;
				CLANG_WARN_CONSTANT_CONVERSION = YES;
				CLANG_WARN_DEPRECATED_OBJC_IMPLEMENTATIONS = YES;
				CLANG_WARN_DIRECT_OBJC_ISA_USAGE = YES_ERROR;
				CLANG_WARN_DOCUMENTATION_COMMENTS = YES;
				CLANG_WARN_EMPTY_BODY = YES;
				CLANG_WARN_ENUM_CONVERSION = YES;
				CLANG_WARN_INFINITE_RECURSION = YES;
				CLANG_WARN_INT_CONVERSION = YES;
				CLANG_WARN_NON_LITERAL_NULL_CONVERSION = YES;
				CLANG_WARN_OBJC_IMPLICIT_RETAIN_SELF = YES;
				CLANG_WARN_OBJC_LITERAL_CONVERSION = YES;
				CLANG_WARN_OBJC_ROOT_CLASS = YES_ERROR;
				CLANG_WARN_QUOTED_INCLUDE_IN_FRAMEWORK_HEADER = YES;
				CLANG_WARN_RANGE_LOOP_ANALYSIS = YES;
				CLANG_WARN_STRICT_PROTOTYPES = YES;
				CLANG_WARN_SUSPICIOUS_MOVE = YES;
				CLANG_WARN_UNGUARDED_AVAILABILITY = YES_AGGRESSIVE;
				CLANG_WARN_UNREACHABLE_CODE = YES;
				CLANG_WARN__DUPLICATE_METHOD_MATCH = YES;
				COPY_PHASE_STRIP = NO;
				DEBUG_INFORMATION_FORMAT = "dwarf-with-dsym";
				ENABLE_NS_ASSERTIONS = NO;
				ENABLE_STRICT_OBJC_MSGSEND = YES;
				GCC_C_LANGUAGE_STANDARD = gnu11;
				GCC_NO_COMMON_BLOCKS = YES;
				GCC_WARN_64_TO_32_BIT_CONVERSION = YES;
				GCC_WARN_ABOUT_RETURN_TYPE = YES_ERROR;
				GCC_WARN_UNDECLARED_SELECTOR = YES;
				GCC_WARN_UNINITIALIZED_AUTOS = YES_AGGRESSIVE;
				GCC_WARN_UNUSED_FUNCTION = YES;
				GCC_WARN_UNUSED_VARIABLE = YES;
				IPHONEOS_DEPLOYMENT_TARGET = 14.5;
				MTL_ENABLE_DEBUG_INFO = NO;
				MTL_FAST_MATH = YES;
				SDKROOT = iphoneos;
				SWIFT_COMPILATION_MODE = wholemodule;
				SWIFT_OPTIMIZATION_LEVEL = "-O";
				VALIDATE_PRODUCT = YES;
			};
			name = Release;
		};
		CC45A7C226C4BC9900FA834E /* Debug */ = {
			isa = XCBuildConfiguration;
			buildSettings = {
				ASSETCATALOG_COMPILER_APPICON_NAME = AppIcon;
				ASSETCATALOG_COMPILER_GLOBAL_ACCENT_COLOR_NAME = AccentColor;
				CODE_SIGN_STYLE = Automatic;
				DEVELOPMENT_ASSET_PATHS = "\"Landmarks/Preview Content\"";
				DEVELOPMENT_TEAM = 8PC5ZBSQAB;
				ENABLE_PREVIEWS = YES;
				INFOPLIST_FILE = Landmarks/Info.plist;
				IPHONEOS_DEPLOYMENT_TARGET = 14.0;
				LD_RUNPATH_SEARCH_PATHS = (
					"$(inherited)",
					"@executable_path/Frameworks",
				);
				PRODUCT_BUNDLE_IDENTIFIER = com.norbertostudios.Landmarks;
				PRODUCT_NAME = "$(TARGET_NAME)";
				SWIFT_VERSION = 5.0;
				TARGETED_DEVICE_FAMILY = "1,2";
			};
			name = Debug;
		};
		CC45A7C326C4BC9900FA834E /* Release */ = {
			isa = XCBuildConfiguration;
			buildSettings = {
				ASSETCATALOG_COMPILER_APPICON_NAME = AppIcon;
				ASSETCATALOG_COMPILER_GLOBAL_ACCENT_COLOR_NAME = AccentColor;
				CODE_SIGN_STYLE = Automatic;
				DEVELOPMENT_ASSET_PATHS = "\"Landmarks/Preview Content\"";
				DEVELOPMENT_TEAM = 8PC5ZBSQAB;
				ENABLE_PREVIEWS = YES;
				INFOPLIST_FILE = Landmarks/Info.plist;
				IPHONEOS_DEPLOYMENT_TARGET = 14.0;
				LD_RUNPATH_SEARCH_PATHS = (
					"$(inherited)",
					"@executable_path/Frameworks",
				);
				PRODUCT_BUNDLE_IDENTIFIER = com.norbertostudios.Landmarks;
				PRODUCT_NAME = "$(TARGET_NAME)";
				SWIFT_VERSION = 5.0;
				TARGETED_DEVICE_FAMILY = "1,2";
			};
			name = Release;
		};
/* End XCBuildConfiguration section */

/* Begin XCConfigurationList section */
		CC45A7AD26C4BC9700FA834E /* Build configuration list for PBXProject "Landmarks" */ = {
			isa = XCConfigurationList;
			buildConfigurations = (
				CC45A7BF26C4BC9900FA834E /* Debug */,
				CC45A7C026C4BC9900FA834E /* Release */,
			);
			defaultConfigurationIsVisible = 0;
			defaultConfigurationName = Release;
		};
		CC45A7C126C4BC9900FA834E /* Build configuration list for PBXNativeTarget "Landmarks" */ = {
			isa = XCConfigurationList;
			buildConfigurations = (
				CC45A7C226C4BC9900FA834E /* Debug */,
				CC45A7C326C4BC9900FA834E /* Release */,
			);
			defaultConfigurationIsVisible = 0;
			defaultConfigurationName = Release;
		};
/* End XCConfigurationList section */
	};
	rootObject = CC45A7AA26C4BC9700FA834E /* Project object */;
}
